
Microsoft Visual Studio Solution File, Format Version 12.00
# Visual Studio 14
VisualStudioVersion = 14.0.25420.1
MinimumVisualStudioVersion = 10.0.40219.1
Project("{2150E333-8FDC-42A3-9474-1A3956D46DE8}") = "Demo 1 - Hello World", "Demo 1 - Hello World", "{FAC2DC17-5E7C-485E-B4E2-B54CB3295078}"
EndProject
Project("{FAE04EC0-301F-11D3-BF4B-00C04F79EFBC}") = "MyCamera", "MyCamera\MyCamera.csproj", "{77624920-EF12-4E8A-B8F4-9C02746DE986}"
EndProject
Project("{2150E333-8FDC-42A3-9474-1A3956D46DE8}") = "Demo 2 - Game", "Demo 2 - Game", "{08AFBC33-557E-4CD1-9B87-265754F07B6A}"
EndProject
Project("{FAE04EC0-301F-11D3-BF4B-00C04F79EFBC}") = "GameBoy", "GameBoy\GameBoy.csproj", "{95CF016C-4EB2-4716-8A6C-92D014C19A39}"
EndProject
Project("{2150E333-8FDC-42A3-9474-1A3956D46DE8}") = "Demo 3 - Lora Shell OE", "Demo 3 - Lora Shell OE", "{C948B80C-1EE8-4374-8953-ABC7137BFAC9}"
EndProject
Project("{FAE04EC0-301F-11D3-BF4B-00C04F79EFBC}") = "LoraSensorSender", "LoraSensorSender\LoraSensorSender.csproj", "{07F9E8FD-2068-46C6-85EB-6A322EE70A6A}"
EndProject
Project("{FAE04EC0-301F-11D3-BF4B-00C04F79EFBC}") = "LoraDataReceiver", "LoraDataReceiver\LoraDataReceiver.csproj", "{872177E1-2F8F-4217-A809-790FDC643CBF}"
EndProject
Project("{2150E333-8FDC-42A3-9474-1A3956D46DE8}") = "Demo 4 - Shell (BASIC, IFU, Breadboard, Wifi, Etc)", "Demo 4 - Shell (BASIC, IFU, Breadboard, Wifi, Etc)", "{E1200584-68CE-4D47-9FFF-5DD6C828DA6D}"
EndProject
Project("{FAE04EC0-301F-11D3-BF4B-00C04F79EFBC}") = "Gadgeteer.Shell", "Gadgeteer.Shell\Gadgeteer.Shell.csproj", "{F51102E6-0B58-4AC3-826D-C5BBAD48211A}"
EndProject
Project("{FAE04EC0-301F-11D3-BF4B-00C04F79EFBC}") = "NetMf.CommonExtensions", "NETMFEXT\NetMf.CommonExtensions\NetMf.CommonExtensions.csproj", "{58F72289-F396-4CCA-8120-B7179C05FF99}"
EndProject
Project("{FAE04EC0-301F-11D3-BF4B-00C04F79EFBC}") = "Oximeter", "Oximeter\Oximeter.csproj", "{4DC1E74C-6F41-43DD-9C1C-3F9212B2D78A}"
EndProject
Project("{2150E333-8FDC-42A3-9474-1A3956D46DE8}") = "Demo 5 - DoorLock", "Demo 5 - DoorLock", "{7411BA20-ACDD-4FB0-A002-507FC5AC9EC0}"
EndProject
Project("{2150E333-8FDC-42A3-9474-1A3956D46DE8}") = "Demo 6 - RC Bot", "Demo 6 - RC Bot", "{AF7B5F94-385A-4B01-8614-2C0E65B83699}"
EndProject
Project("{2150E333-8FDC-42A3-9474-1A3956D46DE8}") = "Demo 7 - Smart Assistant", "Demo 7 - Smart Assistant", "{4C0C7DFD-A458-43C8-AC0F-00B739E63DEF}"
EndProject
Project("{2150E333-8FDC-42A3-9474-1A3956D46DE8}") = "Cortana", "Cortana", "{360A8F8E-5FE7-484D-852F-C4BD0D2D077F}"
EndProject
Project("{FAE04EC0-301F-11D3-BF4B-00C04F79EFBC}") = "FacialRecognitionDoor", "SmartDemo\Face-Lock-Door\FacialRecognitionDoor\FacialRecognitionDoor.csproj", "{308386C8-AAB3-416E-89A0-CB22D59E3128}"
EndProject
Project("{FAE04EC0-301F-11D3-BF4B-00C04F79EFBC}") = "DoorLockApp", "SmartDemo\DoorLockApp\DoorLockApp.csproj", "{9233E618-4E48-4BCB-A40F-D22B4E6CE592}"
EndProject
Project("{FAE04EC0-301F-11D3-BF4B-00C04F79EFBC}") = "RCController", "SmartDemo\FezHatBot\RCController\RCController.csproj", "{46850A03-E75C-491E-9AFB-197169EE141D}"
EndProject
Project("{FAE04EC0-301F-11D3-BF4B-00C04F79EFBC}") = "FezHatBot", "SmartDemo\FezHatBot\FezHatBot\FezHatBot.csproj", "{F9CE4F68-CBB7-4B44-A0AC-AAEAA8BFF016}"
EndProject
Project("{FAE04EC0-301F-11D3-BF4B-00C04F79EFBC}") = "SmartAssistant", "SmartDemo\SmartAssistant\SmartAssistant.csproj", "{2DC0D5EC-E1F3-4FE5-AB48-33B849C8FDC1}"
EndProject
Project("{FAE04EC0-301F-11D3-BF4B-00C04F79EFBC}") = "HomeController", "SmartDemo\HomeController\HomeController.csproj", "{EAF24E24-1611-4034-AD27-85ABB3706C8C}"
EndProject
Project("{FAE04EC0-301F-11D3-BF4B-00C04F79EFBC}") = "BotApp", "SmartDemo\BotApp\BotApp.csproj", "{A8BA1066-5695-4D71-ABB4-65E5A5E0C3D4}"
EndProject
Project("{FAE04EC0-301F-11D3-BF4B-00C04F79EFBC}") = "ComputerVisions", "SmartDemo\ComputerVisions\ComputerVisions.csproj", "{5D7F654B-59F7-4B33-8035-1F2B513A4417}"
EndProject
Project("{FAE04EC0-301F-11D3-BF4B-00C04F79EFBC}") = "Face_Emotion_Detector", "SmartDemo\Face_Emotion_Detector\Face_Emotion_Detector.csproj", "{FE6BBAD3-A34F-4D4A-9959-A336B4596F04}"
EndProject
Project("{FAE04EC0-301F-11D3-BF4B-00C04F79EFBC}") = "SentimentAnalytic", "SmartDemo\SentimentAnalytic\SentimentAnalytic.csproj", "{1C8574E1-6EE1-4819-96B6-8B147FDFEE98}"
EndProject
Global
	GlobalSection(SolutionConfigurationPlatforms) = preSolution
		Debug|Any CPU = Debug|Any CPU
		Debug|ARM = Debug|ARM
		Debug|x64 = Debug|x64
		Debug|x86 = Debug|x86
		Release|Any CPU = Release|Any CPU
		Release|ARM = Release|ARM
		Release|x64 = Release|x64
		Release|x86 = Release|x86
	EndGlobalSection
	GlobalSection(ProjectConfigurationPlatforms) = postSolution
		{77624920-EF12-4E8A-B8F4-9C02746DE986}.Debug|Any CPU.ActiveCfg = Debug|Any CPU
		{77624920-EF12-4E8A-B8F4-9C02746DE986}.Debug|Any CPU.Build.0 = Debug|Any CPU
		{77624920-EF12-4E8A-B8F4-9C02746DE986}.Debug|Any CPU.Deploy.0 = Debug|Any CPU
		{77624920-EF12-4E8A-B8F4-9C02746DE986}.Debug|ARM.ActiveCfg = Debug|Any CPU
		{77624920-EF12-4E8A-B8F4-9C02746DE986}.Debug|ARM.Build.0 = Debug|Any CPU
		{77624920-EF12-4E8A-B8F4-9C02746DE986}.Debug|ARM.Deploy.0 = Debug|Any CPU
		{77624920-EF12-4E8A-B8F4-9C02746DE986}.Debug|x64.ActiveCfg = Debug|Any CPU
		{77624920-EF12-4E8A-B8F4-9C02746DE986}.Debug|x64.Build.0 = Debug|Any CPU
		{77624920-EF12-4E8A-B8F4-9C02746DE986}.Debug|x64.Deploy.0 = Debug|Any CPU
		{77624920-EF12-4E8A-B8F4-9C02746DE986}.Debug|x86.ActiveCfg = Debug|Any CPU
		{77624920-EF12-4E8A-B8F4-9C02746DE986}.Debug|x86.Build.0 = Debug|Any CPU
		{77624920-EF12-4E8A-B8F4-9C02746DE986}.Debug|x86.Deploy.0 = Debug|Any CPU
		{77624920-EF12-4E8A-B8F4-9C02746DE986}.Release|Any CPU.ActiveCfg = Release|Any CPU
		{77624920-EF12-4E8A-B8F4-9C02746DE986}.Release|Any CPU.Build.0 = Release|Any CPU
		{77624920-EF12-4E8A-B8F4-9C02746DE986}.Release|Any CPU.Deploy.0 = Release|Any CPU
		{77624920-EF12-4E8A-B8F4-9C02746DE986}.Release|ARM.ActiveCfg = Release|Any CPU
		{77624920-EF12-4E8A-B8F4-9C02746DE986}.Release|ARM.Build.0 = Release|Any CPU
		{77624920-EF12-4E8A-B8F4-9C02746DE986}.Release|ARM.Deploy.0 = Release|Any CPU
		{77624920-EF12-4E8A-B8F4-9C02746DE986}.Release|x64.ActiveCfg = Release|Any CPU
		{77624920-EF12-4E8A-B8F4-9C02746DE986}.Release|x64.Build.0 = Release|Any CPU
		{77624920-EF12-4E8A-B8F4-9C02746DE986}.Release|x64.Deploy.0 = Release|Any CPU
		{77624920-EF12-4E8A-B8F4-9C02746DE986}.Release|x86.ActiveCfg = Release|Any CPU
		{77624920-EF12-4E8A-B8F4-9C02746DE986}.Release|x86.Build.0 = Release|Any CPU
		{77624920-EF12-4E8A-B8F4-9C02746DE986}.Release|x86.Deploy.0 = Release|Any CPU
		{95CF016C-4EB2-4716-8A6C-92D014C19A39}.Debug|Any CPU.ActiveCfg = Debug|Any CPU
		{95CF016C-4EB2-4716-8A6C-92D014C19A39}.Debug|Any CPU.Build.0 = Debug|Any CPU
		{95CF016C-4EB2-4716-8A6C-92D014C19A39}.Debug|Any CPU.Deploy.0 = Debug|Any CPU
		{95CF016C-4EB2-4716-8A6C-92D014C19A39}.Debug|ARM.ActiveCfg = Debug|Any CPU
		{95CF016C-4EB2-4716-8A6C-92D014C19A39}.Debug|ARM.Build.0 = Debug|Any CPU
		{95CF016C-4EB2-4716-8A6C-92D014C19A39}.Debug|ARM.Deploy.0 = Debug|Any CPU
		{95CF016C-4EB2-4716-8A6C-92D014C19A39}.Debug|x64.ActiveCfg = Debug|Any CPU
		{95CF016C-4EB2-4716-8A6C-92D014C19A39}.Debug|x64.Build.0 = Debug|Any CPU
		{95CF016C-4EB2-4716-8A6C-92D014C19A39}.Debug|x64.Deploy.0 = Debug|Any CPU
		{95CF016C-4EB2-4716-8A6C-92D014C19A39}.Debug|x86.ActiveCfg = Debug|Any CPU
		{95CF016C-4EB2-4716-8A6C-92D014C19A39}.Debug|x86.Build.0 = Debug|Any CPU
		{95CF016C-4EB2-4716-8A6C-92D014C19A39}.Debug|x86.Deploy.0 = Debug|Any CPU
		{95CF016C-4EB2-4716-8A6C-92D014C19A39}.Release|Any CPU.ActiveCfg = Release|Any CPU
		{95CF016C-4EB2-4716-8A6C-92D014C19A39}.Release|Any CPU.Build.0 = Release|Any CPU
		{95CF016C-4EB2-4716-8A6C-92D014C19A39}.Release|Any CPU.Deploy.0 = Release|Any CPU
		{95CF016C-4EB2-4716-8A6C-92D014C19A39}.Release|ARM.ActiveCfg = Release|Any CPU
		{95CF016C-4EB2-4716-8A6C-92D014C19A39}.Release|ARM.Build.0 = Release|Any CPU
		{95CF016C-4EB2-4716-8A6C-92D014C19A39}.Release|ARM.Deploy.0 = Release|Any CPU
		{95CF016C-4EB2-4716-8A6C-92D014C19A39}.Release|x64.ActiveCfg = Release|Any CPU
		{95CF016C-4EB2-4716-8A6C-92D014C19A39}.Release|x64.Build.0 = Release|Any CPU
		{95CF016C-4EB2-4716-8A6C-92D014C19A39}.Release|x64.Deploy.0 = Release|Any CPU
		{95CF016C-4EB2-4716-8A6C-92D014C19A39}.Release|x86.ActiveCfg = Release|Any CPU
		{95CF016C-4EB2-4716-8A6C-92D014C19A39}.Release|x86.Build.0 = Release|Any CPU
		{95CF016C-4EB2-4716-8A6C-92D014C19A39}.Release|x86.Deploy.0 = Release|Any CPU
		{07F9E8FD-2068-46C6-85EB-6A322EE70A6A}.Debug|Any CPU.ActiveCfg = Debug|Any CPU
		{07F9E8FD-2068-46C6-85EB-6A322EE70A6A}.Debug|Any CPU.Build.0 = Debug|Any CPU
		{07F9E8FD-2068-46C6-85EB-6A322EE70A6A}.Debug|Any CPU.Deploy.0 = Debug|Any CPU
		{07F9E8FD-2068-46C6-85EB-6A322EE70A6A}.Debug|ARM.ActiveCfg = Debug|Any CPU
		{07F9E8FD-2068-46C6-85EB-6A322EE70A6A}.Debug|ARM.Build.0 = Debug|Any CPU
		{07F9E8FD-2068-46C6-85EB-6A322EE70A6A}.Debug|ARM.Deploy.0 = Debug|Any CPU
		{07F9E8FD-2068-46C6-85EB-6A322EE70A6A}.Debug|x64.ActiveCfg = Debug|Any CPU
		{07F9E8FD-2068-46C6-85EB-6A322EE70A6A}.Debug|x64.Build.0 = Debug|Any CPU
		{07F9E8FD-2068-46C6-85EB-6A322EE70A6A}.Debug|x64.Deploy.0 = Debug|Any CPU
		{07F9E8FD-2068-46C6-85EB-6A322EE70A6A}.Debug|x86.ActiveCfg = Debug|Any CPU
		{07F9E8FD-2068-46C6-85EB-6A322EE70A6A}.Debug|x86.Build.0 = Debug|Any CPU
		{07F9E8FD-2068-46C6-85EB-6A322EE70A6A}.Debug|x86.Deploy.0 = Debug|Any CPU
		{07F9E8FD-2068-46C6-85EB-6A322EE70A6A}.Release|Any CPU.ActiveCfg = Release|Any CPU
		{07F9E8FD-2068-46C6-85EB-6A322EE70A6A}.Release|Any CPU.Build.0 = Release|Any CPU
		{07F9E8FD-2068-46C6-85EB-6A322EE70A6A}.Release|Any CPU.Deploy.0 = Release|Any CPU
		{07F9E8FD-2068-46C6-85EB-6A322EE70A6A}.Release|ARM.ActiveCfg = Release|Any CPU
		{07F9E8FD-2068-46C6-85EB-6A322EE70A6A}.Release|ARM.Build.0 = Release|Any CPU
		{07F9E8FD-2068-46C6-85EB-6A322EE70A6A}.Release|ARM.Deploy.0 = Release|Any CPU
		{07F9E8FD-2068-46C6-85EB-6A322EE70A6A}.Release|x64.ActiveCfg = Release|Any CPU
		{07F9E8FD-2068-46C6-85EB-6A322EE70A6A}.Release|x64.Build.0 = Release|Any CPU
		{07F9E8FD-2068-46C6-85EB-6A322EE70A6A}.Release|x64.Deploy.0 = Release|Any CPU
		{07F9E8FD-2068-46C6-85EB-6A322EE70A6A}.Release|x86.ActiveCfg = Release|Any CPU
		{07F9E8FD-2068-46C6-85EB-6A322EE70A6A}.Release|x86.Build.0 = Release|Any CPU
		{07F9E8FD-2068-46C6-85EB-6A322EE70A6A}.Release|x86.Deploy.0 = Release|Any CPU
		{872177E1-2F8F-4217-A809-790FDC643CBF}.Debug|Any CPU.ActiveCfg = Debug|Any CPU
		{872177E1-2F8F-4217-A809-790FDC643CBF}.Debug|Any CPU.Build.0 = Debug|Any CPU
		{872177E1-2F8F-4217-A809-790FDC643CBF}.Debug|Any CPU.Deploy.0 = Debug|Any CPU
		{872177E1-2F8F-4217-A809-790FDC643CBF}.Debug|ARM.ActiveCfg = Debug|Any CPU
		{872177E1-2F8F-4217-A809-790FDC643CBF}.Debug|ARM.Build.0 = Debug|Any CPU
		{872177E1-2F8F-4217-A809-790FDC643CBF}.Debug|ARM.Deploy.0 = Debug|Any CPU
		{872177E1-2F8F-4217-A809-790FDC643CBF}.Debug|x64.ActiveCfg = Debug|Any CPU
		{872177E1-2F8F-4217-A809-790FDC643CBF}.Debug|x64.Build.0 = Debug|Any CPU
		{872177E1-2F8F-4217-A809-790FDC643CBF}.Debug|x64.Deploy.0 = Debug|Any CPU
		{872177E1-2F8F-4217-A809-790FDC643CBF}.Debug|x86.ActiveCfg = Debug|Any CPU
		{872177E1-2F8F-4217-A809-790FDC643CBF}.Debug|x86.Build.0 = Debug|Any CPU
		{872177E1-2F8F-4217-A809-790FDC643CBF}.Debug|x86.Deploy.0 = Debug|Any CPU
		{872177E1-2F8F-4217-A809-790FDC643CBF}.Release|Any CPU.ActiveCfg = Release|Any CPU
		{872177E1-2F8F-4217-A809-790FDC643CBF}.Release|Any CPU.Build.0 = Release|Any CPU
		{872177E1-2F8F-4217-A809-790FDC643CBF}.Release|Any CPU.Deploy.0 = Release|Any CPU
		{872177E1-2F8F-4217-A809-790FDC643CBF}.Release|ARM.ActiveCfg = Release|Any CPU
		{872177E1-2F8F-4217-A809-790FDC643CBF}.Release|ARM.Build.0 = Release|Any CPU
		{872177E1-2F8F-4217-A809-790FDC643CBF}.Release|ARM.Deploy.0 = Release|Any CPU
		{872177E1-2F8F-4217-A809-790FDC643CBF}.Release|x64.ActiveCfg = Release|Any CPU
		{872177E1-2F8F-4217-A809-790FDC643CBF}.Release|x64.Build.0 = Release|Any CPU
		{872177E1-2F8F-4217-A809-790FDC643CBF}.Release|x64.Deploy.0 = Release|Any CPU
		{872177E1-2F8F-4217-A809-790FDC643CBF}.Release|x86.ActiveCfg = Release|Any CPU
		{872177E1-2F8F-4217-A809-790FDC643CBF}.Release|x86.Build.0 = Release|Any CPU
		{872177E1-2F8F-4217-A809-790FDC643CBF}.Release|x86.Deploy.0 = Release|Any CPU
		{F51102E6-0B58-4AC3-826D-C5BBAD48211A}.Debug|Any CPU.ActiveCfg = Debug|Any CPU
		{F51102E6-0B58-4AC3-826D-C5BBAD48211A}.Debug|Any CPU.Build.0 = Debug|Any CPU
		{F51102E6-0B58-4AC3-826D-C5BBAD48211A}.Debug|Any CPU.Deploy.0 = Debug|Any CPU
		{F51102E6-0B58-4AC3-826D-C5BBAD48211A}.Debug|ARM.ActiveCfg = Debug|Any CPU
		{F51102E6-0B58-4AC3-826D-C5BBAD48211A}.Debug|ARM.Build.0 = Debug|Any CPU
		{F51102E6-0B58-4AC3-826D-C5BBAD48211A}.Debug|ARM.Deploy.0 = Debug|Any CPU
		{F51102E6-0B58-4AC3-826D-C5BBAD48211A}.Debug|x64.ActiveCfg = Debug|Any CPU
		{F51102E6-0B58-4AC3-826D-C5BBAD48211A}.Debug|x64.Build.0 = Debug|Any CPU
		{F51102E6-0B58-4AC3-826D-C5BBAD48211A}.Debug|x64.Deploy.0 = Debug|Any CPU
		{F51102E6-0B58-4AC3-826D-C5BBAD48211A}.Debug|x86.ActiveCfg = Debug|Any CPU
		{F51102E6-0B58-4AC3-826D-C5BBAD48211A}.Debug|x86.Build.0 = Debug|Any CPU
		{F51102E6-0B58-4AC3-826D-C5BBAD48211A}.Debug|x86.Deploy.0 = Debug|Any CPU
		{F51102E6-0B58-4AC3-826D-C5BBAD48211A}.Release|Any CPU.ActiveCfg = Release|Any CPU
		{F51102E6-0B58-4AC3-826D-C5BBAD48211A}.Release|Any CPU.Build.0 = Release|Any CPU
		{F51102E6-0B58-4AC3-826D-C5BBAD48211A}.Release|Any CPU.Deploy.0 = Release|Any CPU
		{F51102E6-0B58-4AC3-826D-C5BBAD48211A}.Release|ARM.ActiveCfg = Release|Any CPU
		{F51102E6-0B58-4AC3-826D-C5BBAD48211A}.Release|ARM.Build.0 = Release|Any CPU
		{F51102E6-0B58-4AC3-826D-C5BBAD48211A}.Release|ARM.Deploy.0 = Release|Any CPU
		{F51102E6-0B58-4AC3-826D-C5BBAD48211A}.Release|x64.ActiveCfg = Release|Any CPU
		{F51102E6-0B58-4AC3-826D-C5BBAD48211A}.Release|x64.Build.0 = Release|Any CPU
		{F51102E6-0B58-4AC3-826D-C5BBAD48211A}.Release|x64.Deploy.0 = Release|Any CPU
		{F51102E6-0B58-4AC3-826D-C5BBAD48211A}.Release|x86.ActiveCfg = Release|Any CPU
		{F51102E6-0B58-4AC3-826D-C5BBAD48211A}.Release|x86.Build.0 = Release|Any CPU
		{F51102E6-0B58-4AC3-826D-C5BBAD48211A}.Release|x86.Deploy.0 = Release|Any CPU
		{58F72289-F396-4CCA-8120-B7179C05FF99}.Debug|Any CPU.ActiveCfg = Debug|Any CPU
		{58F72289-F396-4CCA-8120-B7179C05FF99}.Debug|Any CPU.Build.0 = Debug|Any CPU
		{58F72289-F396-4CCA-8120-B7179C05FF99}.Debug|ARM.ActiveCfg = Debug|Any CPU
		{58F72289-F396-4CCA-8120-B7179C05FF99}.Debug|ARM.Build.0 = Debug|Any CPU
		{58F72289-F396-4CCA-8120-B7179C05FF99}.Debug|x64.ActiveCfg = Debug|Any CPU
		{58F72289-F396-4CCA-8120-B7179C05FF99}.Debug|x64.Build.0 = Debug|Any CPU
		{58F72289-F396-4CCA-8120-B7179C05FF99}.Debug|x86.ActiveCfg = Debug|Any CPU
		{58F72289-F396-4CCA-8120-B7179C05FF99}.Debug|x86.Build.0 = Debug|Any CPU
		{58F72289-F396-4CCA-8120-B7179C05FF99}.Release|Any CPU.ActiveCfg = Release|Any CPU
		{58F72289-F396-4CCA-8120-B7179C05FF99}.Release|Any CPU.Build.0 = Release|Any CPU
		{58F72289-F396-4CCA-8120-B7179C05FF99}.Release|ARM.ActiveCfg = Release|Any CPU
		{58F72289-F396-4CCA-8120-B7179C05FF99}.Release|ARM.Build.0 = Release|Any CPU
		{58F72289-F396-4CCA-8120-B7179C05FF99}.Release|x64.ActiveCfg = Release|Any CPU
		{58F72289-F396-4CCA-8120-B7179C05FF99}.Release|x64.Build.0 = Release|Any CPU
		{58F72289-F396-4CCA-8120-B7179C05FF99}.Release|x86.ActiveCfg = Release|Any CPU
		{58F72289-F396-4CCA-8120-B7179C05FF99}.Release|x86.Build.0 = Release|Any CPU
		{4DC1E74C-6F41-43DD-9C1C-3F9212B2D78A}.Debug|Any CPU.ActiveCfg = Debug|Any CPU
		{4DC1E74C-6F41-43DD-9C1C-3F9212B2D78A}.Debug|Any CPU.Build.0 = Debug|Any CPU
		{4DC1E74C-6F41-43DD-9C1C-3F9212B2D78A}.Debug|Any CPU.Deploy.0 = Debug|Any CPU
		{4DC1E74C-6F41-43DD-9C1C-3F9212B2D78A}.Debug|ARM.ActiveCfg = Debug|Any CPU
		{4DC1E74C-6F41-43DD-9C1C-3F9212B2D78A}.Debug|ARM.Build.0 = Debug|Any CPU
		{4DC1E74C-6F41-43DD-9C1C-3F9212B2D78A}.Debug|ARM.Deploy.0 = Debug|Any CPU
		{4DC1E74C-6F41-43DD-9C1C-3F9212B2D78A}.Debug|x64.ActiveCfg = Debug|Any CPU
		{4DC1E74C-6F41-43DD-9C1C-3F9212B2D78A}.Debug|x64.Build.0 = Debug|Any CPU
		{4DC1E74C-6F41-43DD-9C1C-3F9212B2D78A}.Debug|x64.Deploy.0 = Debug|Any CPU
		{4DC1E74C-6F41-43DD-9C1C-3F9212B2D78A}.Debug|x86.ActiveCfg = Debug|Any CPU
		{4DC1E74C-6F41-43DD-9C1C-3F9212B2D78A}.Debug|x86.Build.0 = Debug|Any CPU
		{4DC1E74C-6F41-43DD-9C1C-3F9212B2D78A}.Debug|x86.Deploy.0 = Debug|Any CPU
		{4DC1E74C-6F41-43DD-9C1C-3F9212B2D78A}.Release|Any CPU.ActiveCfg = Release|Any CPU
		{4DC1E74C-6F41-43DD-9C1C-3F9212B2D78A}.Release|Any CPU.Build.0 = Release|Any CPU
		{4DC1E74C-6F41-43DD-9C1C-3F9212B2D78A}.Release|Any CPU.Deploy.0 = Release|Any CPU
		{4DC1E74C-6F41-43DD-9C1C-3F9212B2D78A}.Release|ARM.ActiveCfg = Release|Any CPU
		{4DC1E74C-6F41-43DD-9C1C-3F9212B2D78A}.Release|ARM.Build.0 = Release|Any CPU
		{4DC1E74C-6F41-43DD-9C1C-3F9212B2D78A}.Release|ARM.Deploy.0 = Release|Any CPU
		{4DC1E74C-6F41-43DD-9C1C-3F9212B2D78A}.Release|x64.ActiveCfg = Release|Any CPU
		{4DC1E74C-6F41-43DD-9C1C-3F9212B2D78A}.Release|x64.Build.0 = Release|Any CPU
		{4DC1E74C-6F41-43DD-9C1C-3F9212B2D78A}.Release|x64.Deploy.0 = Release|Any CPU
		{4DC1E74C-6F41-43DD-9C1C-3F9212B2D78A}.Release|x86.ActiveCfg = Release|Any CPU
		{4DC1E74C-6F41-43DD-9C1C-3F9212B2D78A}.Release|x86.Build.0 = Release|Any CPU
		{4DC1E74C-6F41-43DD-9C1C-3F9212B2D78A}.Release|x86.Deploy.0 = Release|Any CPU
		{308386C8-AAB3-416E-89A0-CB22D59E3128}.Debug|Any CPU.ActiveCfg = Debug|x86
		{308386C8-AAB3-416E-89A0-CB22D59E3128}.Debug|ARM.ActiveCfg = Debug|ARM
		{308386C8-AAB3-416E-89A0-CB22D59E3128}.Debug|ARM.Build.0 = Debug|ARM
		{308386C8-AAB3-416E-89A0-CB22D59E3128}.Debug|ARM.Deploy.0 = Debug|ARM
		{308386C8-AAB3-416E-89A0-CB22D59E3128}.Debug|x64.ActiveCfg = Debug|x64
		{308386C8-AAB3-416E-89A0-CB22D59E3128}.Debug|x64.Build.0 = Debug|x64
		{308386C8-AAB3-416E-89A0-CB22D59E3128}.Debug|x64.Deploy.0 = Debug|x64
		{308386C8-AAB3-416E-89A0-CB22D59E3128}.Debug|x86.ActiveCfg = Debug|x86
		{308386C8-AAB3-416E-89A0-CB22D59E3128}.Debug|x86.Build.0 = Debug|x86
		{308386C8-AAB3-416E-89A0-CB22D59E3128}.Debug|x86.Deploy.0 = Debug|x86
		{308386C8-AAB3-416E-89A0-CB22D59E3128}.Release|Any CPU.ActiveCfg = Release|x86
		{308386C8-AAB3-416E-89A0-CB22D59E3128}.Release|ARM.ActiveCfg = Release|ARM
		{308386C8-AAB3-416E-89A0-CB22D59E3128}.Release|ARM.Build.0 = Release|ARM
		{308386C8-AAB3-416E-89A0-CB22D59E3128}.Release|ARM.Deploy.0 = Release|ARM
		{308386C8-AAB3-416E-89A0-CB22D59E3128}.Release|x64.ActiveCfg = Release|x64
		{308386C8-AAB3-416E-89A0-CB22D59E3128}.Release|x64.Build.0 = Release|x64
		{308386C8-AAB3-416E-89A0-CB22D59E3128}.Release|x64.Deploy.0 = Release|x64
		{308386C8-AAB3-416E-89A0-CB22D59E3128}.Release|x86.ActiveCfg = Release|x86
		{308386C8-AAB3-416E-89A0-CB22D59E3128}.Release|x86.Build.0 = Release|x86
		{308386C8-AAB3-416E-89A0-CB22D59E3128}.Release|x86.Deploy.0 = Release|x86
		{9233E618-4E48-4BCB-A40F-D22B4E6CE592}.Debug|Any CPU.ActiveCfg = Debug|x86
		{9233E618-4E48-4BCB-A40F-D22B4E6CE592}.Debug|ARM.ActiveCfg = Debug|ARM
		{9233E618-4E48-4BCB-A40F-D22B4E6CE592}.Debug|ARM.Build.0 = Debug|ARM
		{9233E618-4E48-4BCB-A40F-D22B4E6CE592}.Debug|ARM.Deploy.0 = Debug|ARM
		{9233E618-4E48-4BCB-A40F-D22B4E6CE592}.Debug|x64.ActiveCfg = Debug|x64
		{9233E618-4E48-4BCB-A40F-D22B4E6CE592}.Debug|x64.Build.0 = Debug|x64
		{9233E618-4E48-4BCB-A40F-D22B4E6CE592}.Debug|x64.Deploy.0 = Debug|x64
		{9233E618-4E48-4BCB-A40F-D22B4E6CE592}.Debug|x86.ActiveCfg = Debug|x86
		{9233E618-4E48-4BCB-A40F-D22B4E6CE592}.Debug|x86.Build.0 = Debug|x86
		{9233E618-4E48-4BCB-A40F-D22B4E6CE592}.Debug|x86.Deploy.0 = Debug|x86
		{9233E618-4E48-4BCB-A40F-D22B4E6CE592}.Release|Any CPU.ActiveCfg = Release|x86
		{9233E618-4E48-4BCB-A40F-D22B4E6CE592}.Release|ARM.ActiveCfg = Release|ARM
		{9233E618-4E48-4BCB-A40F-D22B4E6CE592}.Release|ARM.Build.0 = Release|ARM
		{9233E618-4E48-4BCB-A40F-D22B4E6CE592}.Release|ARM.Deploy.0 = Release|ARM
		{9233E618-4E48-4BCB-A40F-D22B4E6CE592}.Release|x64.ActiveCfg = Release|x64
		{9233E618-4E48-4BCB-A40F-D22B4E6CE592}.Release|x64.Build.0 = Release|x64
		{9233E618-4E48-4BCB-A40F-D22B4E6CE592}.Release|x64.Deploy.0 = Release|x64
		{9233E618-4E48-4BCB-A40F-D22B4E6CE592}.Release|x86.ActiveCfg = Release|x86
		{9233E618-4E48-4BCB-A40F-D22B4E6CE592}.Release|x86.Build.0 = Release|x86
		{9233E618-4E48-4BCB-A40F-D22B4E6CE592}.Release|x86.Deploy.0 = Release|x86
		{46850A03-E75C-491E-9AFB-197169EE141D}.Debug|Any CPU.ActiveCfg = Debug|Any CPU
		{46850A03-E75C-491E-9AFB-197169EE141D}.Debug|Any CPU.Build.0 = Debug|Any CPU
		{46850A03-E75C-491E-9AFB-197169EE141D}.Debug|ARM.ActiveCfg = Debug|Any CPU
		{46850A03-E75C-491E-9AFB-197169EE141D}.Debug|ARM.Build.0 = Debug|Any CPU
		{46850A03-E75C-491E-9AFB-197169EE141D}.Debug|x64.ActiveCfg = Debug|Any CPU
		{46850A03-E75C-491E-9AFB-197169EE141D}.Debug|x64.Build.0 = Debug|Any CPU
		{46850A03-E75C-491E-9AFB-197169EE141D}.Debug|x86.ActiveCfg = Debug|Any CPU
		{46850A03-E75C-491E-9AFB-197169EE141D}.Debug|x86.Build.0 = Debug|Any CPU
		{46850A03-E75C-491E-9AFB-197169EE141D}.Release|Any CPU.ActiveCfg = Release|Any CPU
		{46850A03-E75C-491E-9AFB-197169EE141D}.Release|Any CPU.Build.0 = Release|Any CPU
		{46850A03-E75C-491E-9AFB-197169EE141D}.Release|ARM.ActiveCfg = Release|Any CPU
		{46850A03-E75C-491E-9AFB-197169EE141D}.Release|ARM.Build.0 = Release|Any CPU
		{46850A03-E75C-491E-9AFB-197169EE141D}.Release|x64.ActiveCfg = Release|Any CPU
		{46850A03-E75C-491E-9AFB-197169EE141D}.Release|x64.Build.0 = Release|Any CPU
		{46850A03-E75C-491E-9AFB-197169EE141D}.Release|x86.ActiveCfg = Release|Any CPU
		{46850A03-E75C-491E-9AFB-197169EE141D}.Release|x86.Build.0 = Release|Any CPU
		{F9CE4F68-CBB7-4B44-A0AC-AAEAA8BFF016}.Debug|Any CPU.ActiveCfg = Debug|x86
		{F9CE4F68-CBB7-4B44-A0AC-AAEAA8BFF016}.Debug|ARM.ActiveCfg = Debug|ARM
		{F9CE4F68-CBB7-4B44-A0AC-AAEAA8BFF016}.Debug|ARM.Build.0 = Debug|ARM
		{F9CE4F68-CBB7-4B44-A0AC-AAEAA8BFF016}.Debug|ARM.Deploy.0 = Debug|ARM
		{F9CE4F68-CBB7-4B44-A0AC-AAEAA8BFF016}.Debug|x64.ActiveCfg = Debug|x64
		{F9CE4F68-CBB7-4B44-A0AC-AAEAA8BFF016}.Debug|x64.Build.0 = Debug|x64
		{F9CE4F68-CBB7-4B44-A0AC-AAEAA8BFF016}.Debug|x64.Deploy.0 = Debug|x64
		{F9CE4F68-CBB7-4B44-A0AC-AAEAA8BFF016}.Debug|x86.ActiveCfg = Debug|x86
		{F9CE4F68-CBB7-4B44-A0AC-AAEAA8BFF016}.Debug|x86.Build.0 = Debug|x86
		{F9CE4F68-CBB7-4B44-A0AC-AAEAA8BFF016}.Debug|x86.Deploy.0 = Debug|x86
		{F9CE4F68-CBB7-4B44-A0AC-AAEAA8BFF016}.Release|Any CPU.ActiveCfg = Release|x86
		{F9CE4F68-CBB7-4B44-A0AC-AAEAA8BFF016}.Release|ARM.ActiveCfg = Release|ARM
		{F9CE4F68-CBB7-4B44-A0AC-AAEAA8BFF016}.Release|ARM.Build.0 = Release|ARM
		{F9CE4F68-CBB7-4B44-A0AC-AAEAA8BFF016}.Release|ARM.Deploy.0 = Release|ARM
		{F9CE4F68-CBB7-4B44-A0AC-AAEAA8BFF016}.Release|x64.ActiveCfg = Release|x64
		{F9CE4F68-CBB7-4B44-A0AC-AAEAA8BFF016}.Release|x64.Build.0 = Release|x64
		{F9CE4F68-CBB7-4B44-A0AC-AAEAA8BFF016}.Release|x64.Deploy.0 = Release|x64
		{F9CE4F68-CBB7-4B44-A0AC-AAEAA8BFF016}.Release|x86.ActiveCfg = Release|x86
		{F9CE4F68-CBB7-4B44-A0AC-AAEAA8BFF016}.Release|x86.Build.0 = Release|x86
		{F9CE4F68-CBB7-4B44-A0AC-AAEAA8BFF016}.Release|x86.Deploy.0 = Release|x86
		{2DC0D5EC-E1F3-4FE5-AB48-33B849C8FDC1}.Debug|Any CPU.ActiveCfg = Debug|x86
		{2DC0D5EC-E1F3-4FE5-AB48-33B849C8FDC1}.Debug|ARM.ActiveCfg = Debug|ARM
		{2DC0D5EC-E1F3-4FE5-AB48-33B849C8FDC1}.Debug|ARM.Build.0 = Debug|ARM
		{2DC0D5EC-E1F3-4FE5-AB48-33B849C8FDC1}.Debug|ARM.Deploy.0 = Debug|ARM
		{2DC0D5EC-E1F3-4FE5-AB48-33B849C8FDC1}.Debug|x64.ActiveCfg = Debug|x64
		{2DC0D5EC-E1F3-4FE5-AB48-33B849C8FDC1}.Debug|x64.Build.0 = Debug|x64
		{2DC0D5EC-E1F3-4FE5-AB48-33B849C8FDC1}.Debug|x64.Deploy.0 = Debug|x64
		{2DC0D5EC-E1F3-4FE5-AB48-33B849C8FDC1}.Debug|x86.ActiveCfg = Debug|x86
		{2DC0D5EC-E1F3-4FE5-AB48-33B849C8FDC1}.Debug|x86.Build.0 = Debug|x86
		{2DC0D5EC-E1F3-4FE5-AB48-33B849C8FDC1}.Debug|x86.Deploy.0 = Debug|x86
		{2DC0D5EC-E1F3-4FE5-AB48-33B849C8FDC1}.Release|Any CPU.ActiveCfg = Release|x86
		{2DC0D5EC-E1F3-4FE5-AB48-33B849C8FDC1}.Release|ARM.ActiveCfg = Release|ARM
		{2DC0D5EC-E1F3-4FE5-AB48-33B849C8FDC1}.Release|ARM.Build.0 = Release|ARM
		{2DC0D5EC-E1F3-4FE5-AB48-33B849C8FDC1}.Release|ARM.Deploy.0 = Release|ARM
		{2DC0D5EC-E1F3-4FE5-AB48-33B849C8FDC1}.Release|x64.ActiveCfg = Release|x64
		{2DC0D5EC-E1F3-4FE5-AB48-33B849C8FDC1}.Release|x64.Build.0 = Release|x64
		{2DC0D5EC-E1F3-4FE5-AB48-33B849C8FDC1}.Release|x64.Deploy.0 = Release|x64
		{2DC0D5EC-E1F3-4FE5-AB48-33B849C8FDC1}.Release|x86.ActiveCfg = Release|x86
		{2DC0D5EC-E1F3-4FE5-AB48-33B849C8FDC1}.Release|x86.Build.0 = Release|x86
		{2DC0D5EC-E1F3-4FE5-AB48-33B849C8FDC1}.Release|x86.Deploy.0 = Release|x86
		{EAF24E24-1611-4034-AD27-85ABB3706C8C}.Debug|Any CPU.ActiveCfg = Debug|x86
		{EAF24E24-1611-4034-AD27-85ABB3706C8C}.Debug|ARM.ActiveCfg = Debug|ARM
		{EAF24E24-1611-4034-AD27-85ABB3706C8C}.Debug|ARM.Build.0 = Debug|ARM
		{EAF24E24-1611-4034-AD27-85ABB3706C8C}.Debug|ARM.Deploy.0 = Debug|ARM
		{EAF24E24-1611-4034-AD27-85ABB3706C8C}.Debug|x64.ActiveCfg = Debug|x64
		{EAF24E24-1611-4034-AD27-85ABB3706C8C}.Debug|x64.Build.0 = Debug|x64
		{EAF24E24-1611-4034-AD27-85ABB3706C8C}.Debug|x64.Deploy.0 = Debug|x64
		{EAF24E24-1611-4034-AD27-85ABB3706C8C}.Debug|x86.ActiveCfg = Debug|x86
		{EAF24E24-1611-4034-AD27-85ABB3706C8C}.Debug|x86.Build.0 = Debug|x86
		{EAF24E24-1611-4034-AD27-85ABB3706C8C}.Debug|x86.Deploy.0 = Debug|x86
		{EAF24E24-1611-4034-AD27-85ABB3706C8C}.Release|Any CPU.ActiveCfg = Release|x86
		{EAF24E24-1611-4034-AD27-85ABB3706C8C}.Release|ARM.ActiveCfg = Release|ARM
		{EAF24E24-1611-4034-AD27-85ABB3706C8C}.Release|ARM.Build.0 = Release|ARM
		{EAF24E24-1611-4034-AD27-85ABB3706C8C}.Release|ARM.Deploy.0 = Release|ARM
		{EAF24E24-1611-4034-AD27-85ABB3706C8C}.Release|x64.ActiveCfg = Release|x64
		{EAF24E24-1611-4034-AD27-85ABB3706C8C}.Release|x64.Build.0 = Release|x64
		{EAF24E24-1611-4034-AD27-85ABB3706C8C}.Release|x64.Deploy.0 = Release|x64
		{EAF24E24-1611-4034-AD27-85ABB3706C8C}.Release|x86.ActiveCfg = Release|x86
		{EAF24E24-1611-4034-AD27-85ABB3706C8C}.Release|x86.Build.0 = Release|x86
		{EAF24E24-1611-4034-AD27-85ABB3706C8C}.Release|x86.Deploy.0 = Release|x86
		{A8BA1066-5695-4D71-ABB4-65E5A5E0C3D4}.Debug|Any CPU.ActiveCfg = Debug|Any CPU
		{A8BA1066-5695-4D71-ABB4-65E5A5E0C3D4}.Debug|Any CPU.Build.0 = Debug|Any CPU
		{A8BA1066-5695-4D71-ABB4-65E5A5E0C3D4}.Debug|ARM.ActiveCfg = Debug|Any CPU
		{A8BA1066-5695-4D71-ABB4-65E5A5E0C3D4}.Debug|ARM.Build.0 = Debug|Any CPU
		{A8BA1066-5695-4D71-ABB4-65E5A5E0C3D4}.Debug|x64.ActiveCfg = Debug|Any CPU
		{A8BA1066-5695-4D71-ABB4-65E5A5E0C3D4}.Debug|x64.Build.0 = Debug|Any CPU
		{A8BA1066-5695-4D71-ABB4-65E5A5E0C3D4}.Debug|x86.ActiveCfg = Debug|Any CPU
		{A8BA1066-5695-4D71-ABB4-65E5A5E0C3D4}.Debug|x86.Build.0 = Debug|Any CPU
		{A8BA1066-5695-4D71-ABB4-65E5A5E0C3D4}.Release|Any CPU.ActiveCfg = Release|Any CPU
		{A8BA1066-5695-4D71-ABB4-65E5A5E0C3D4}.Release|Any CPU.Build.0 = Release|Any CPU
		{A8BA1066-5695-4D71-ABB4-65E5A5E0C3D4}.Release|ARM.ActiveCfg = Release|Any CPU
		{A8BA1066-5695-4D71-ABB4-65E5A5E0C3D4}.Release|ARM.Build.0 = Release|Any CPU
		{A8BA1066-5695-4D71-ABB4-65E5A5E0C3D4}.Release|x64.ActiveCfg = Release|Any CPU
		{A8BA1066-5695-4D71-ABB4-65E5A5E0C3D4}.Release|x64.Build.0 = Release|Any CPU
		{A8BA1066-5695-4D71-ABB4-65E5A5E0C3D4}.Release|x86.ActiveCfg = Release|Any CPU
		{A8BA1066-5695-4D71-ABB4-65E5A5E0C3D4}.Release|x86.Build.0 = Release|Any CPU
		{5D7F654B-59F7-4B33-8035-1F2B513A4417}.Debug|Any CPU.ActiveCfg = Debug|Any CPU
		{5D7F654B-59F7-4B33-8035-1F2B513A4417}.Debug|Any CPU.Build.0 = Debug|Any CPU
		{5D7F654B-59F7-4B33-8035-1F2B513A4417}.Debug|ARM.ActiveCfg = Debug|Any CPU
		{5D7F654B-59F7-4B33-8035-1F2B513A4417}.Debug|ARM.Build.0 = Debug|Any CPU
		{5D7F654B-59F7-4B33-8035-1F2B513A4417}.Debug|x64.ActiveCfg = Debug|Any CPU
		{5D7F654B-59F7-4B33-8035-1F2B513A4417}.Debug|x64.Build.0 = Debug|Any CPU
		{5D7F654B-59F7-4B33-8035-1F2B513A4417}.Debug|x86.ActiveCfg = Debug|Any CPU
		{5D7F654B-59F7-4B33-8035-1F2B513A4417}.Debug|x86.Build.0 = Debug|Any CPU
		{5D7F654B-59F7-4B33-8035-1F2B513A4417}.Release|Any CPU.ActiveCfg = Release|Any CPU
		{5D7F654B-59F7-4B33-8035-1F2B513A4417}.Release|Any CPU.Build.0 = Release|Any CPU
		{5D7F654B-59F7-4B33-8035-1F2B513A4417}.Release|ARM.ActiveCfg = Release|Any CPU
		{5D7F654B-59F7-4B33-8035-1F2B513A4417}.Release|ARM.Build.0 = Release|Any CPU
		{5D7F654B-59F7-4B33-8035-1F2B513A4417}.Release|x64.ActiveCfg = Release|Any CPU
		{5D7F654B-59F7-4B33-8035-1F2B513A4417}.Release|x64.Build.0 = Release|Any CPU
		{5D7F654B-59F7-4B33-8035-1F2B513A4417}.Release|x86.ActiveCfg = Release|Any CPU
		{5D7F654B-59F7-4B33-8035-1F2B513A4417}.Release|x86.Build.0 = Release|Any CPU
		{FE6BBAD3-A34F-4D4A-9959-A336B4596F04}.Debug|Any CPU.ActiveCfg = Debug|Any CPU
		{FE6BBAD3-A34F-4D4A-9959-A336B4596F04}.Debug|Any CPU.Build.0 = Debug|Any CPU
		{FE6BBAD3-A34F-4D4A-9959-A336B4596F04}.Debug|ARM.ActiveCfg = Debug|Any CPU
		{FE6BBAD3-A34F-4D4A-9959-A336B4596F04}.Debug|ARM.Build.0 = Debug|Any CPU
		{FE6BBAD3-A34F-4D4A-9959-A336B4596F04}.Debug|x64.ActiveCfg = Debug|Any CPU
		{FE6BBAD3-A34F-4D4A-9959-A336B4596F04}.Debug|x64.Build.0 = Debug|Any CPU
		{FE6BBAD3-A34F-4D4A-9959-A336B4596F04}.Debug|x86.ActiveCfg = Debug|Any CPU
		{FE6BBAD3-A34F-4D4A-9959-A336B4596F04}.Debug|x86.Build.0 = Debug|Any CPU
		{FE6BBAD3-A34F-4D4A-9959-A336B4596F04}.Release|Any CPU.ActiveCfg = Release|Any CPU
		{FE6BBAD3-A34F-4D4A-9959-A336B4596F04}.Release|Any CPU.Build.0 = Release|Any CPU
		{FE6BBAD3-A34F-4D4A-9959-A336B4596F04}.Release|ARM.ActiveCfg = Release|Any CPU
		{FE6BBAD3-A34F-4D4A-9959-A336B4596F04}.Release|ARM.Build.0 = Release|Any CPU
		{FE6BBAD3-A34F-4D4A-9959-A336B4596F04}.Release|x64.ActiveCfg = Release|Any CPU
		{FE6BBAD3-A34F-4D4A-9959-A336B4596F04}.Release|x64.Build.0 = Release|Any CPU
		{FE6BBAD3-A34F-4D4A-9959-A336B4596F04}.Release|x86.ActiveCfg = Release|Any CPU
		{FE6BBAD3-A34F-4D4A-9959-A336B4596F04}.Release|x86.Build.0 = Release|Any CPU
		{1C8574E1-6EE1-4819-96B6-8B147FDFEE98}.Debug|Any CPU.ActiveCfg = Debug|Any CPU
		{1C8574E1-6EE1-4819-96B6-8B147FDFEE98}.Debug|Any CPU.Build.0 = Debug|Any CPU
		{1C8574E1-6EE1-4819-96B6-8B147FDFEE98}.Debug|ARM.ActiveCfg = Debug|Any CPU
		{1C8574E1-6EE1-4819-96B6-8B147FDFEE98}.Debug|ARM.Build.0 = Debug|Any CPU
		{1C8574E1-6EE1-4819-96B6-8B147FDFEE98}.Debug|x64.ActiveCfg = Debug|Any CPU
		{1C8574E1-6EE1-4819-96B6-8B147FDFEE98}.Debug|x64.Build.0 = Debug|Any CPU
		{1C8574E1-6EE1-4819-96B6-8B147FDFEE98}.Debug|x86.ActiveCfg = Debug|Any CPU
		{1C8574E1-6EE1-4819-96B6-8B147FDFEE98}.Debug|x86.Build.0 = Debug|Any CPU
		{1C8574E1-6EE1-4819-96B6-8B147FDFEE98}.Release|Any CPU.ActiveCfg = Release|Any CPU
		{1C8574E1-6EE1-4819-96B6-8B147FDFEE98}.Release|Any CPU.Build.0 = Release|Any CPU
		{1C8574E1-6EE1-4819-96B6-8B147FDFEE98}.Release|ARM.ActiveCfg = Release|Any CPU
		{1C8574E1-6EE1-4819-96B6-8B147FDFEE98}.Release|ARM.Build.0 = Release|Any CPU
		{1C8574E1-6EE1-4819-96B6-8B147FDFEE98}.Release|x64.ActiveCfg = Release|Any CPU
		{1C8574E1-6EE1-4819-96B6-8B147FDFEE98}.Release|x64.Build.0 = Release|Any CPU
		{1C8574E1-6EE1-4819-96B6-8B147FDFEE98}.Release|x86.ActiveCfg = Release|Any CPU
		{1C8574E1-6EE1-4819-96B6-8B147FDFEE98}.Release|x86.Build.0 = Release|Any CPU
	EndGlobalSection
	GlobalSection(SolutionProperties) = preSolution
		HideSolutionNode = FALSE
	EndGlobalSection
	GlobalSection(NestedProjects) = preSolution
		{77624920-EF12-4E8A-B8F4-9C02746DE986} = {FAC2DC17-5E7C-485E-B4E2-B54CB3295078}
		{95CF016C-4EB2-4716-8A6C-92D014C19A39} = {08AFBC33-557E-4CD1-9B87-265754F07B6A}
		{07F9E8FD-2068-46C6-85EB-6A322EE70A6A} = {C948B80C-1EE8-4374-8953-ABC7137BFAC9}
		{872177E1-2F8F-4217-A809-790FDC643CBF} = {C948B80C-1EE8-4374-8953-ABC7137BFAC9}
		{F51102E6-0B58-4AC3-826D-C5BBAD48211A} = {E1200584-68CE-4D47-9FFF-5DD6C828DA6D}
		{58F72289-F396-4CCA-8120-B7179C05FF99} = {E1200584-68CE-4D47-9FFF-5DD6C828DA6D}
		{4DC1E74C-6F41-43DD-9C1C-3F9212B2D78A} = {E1200584-68CE-4D47-9FFF-5DD6C828DA6D}
		{308386C8-AAB3-416E-89A0-CB22D59E3128} = {7411BA20-ACDD-4FB0-A002-507FC5AC9EC0}
		{9233E618-4E48-4BCB-A40F-D22B4E6CE592} = {7411BA20-ACDD-4FB0-A002-507FC5AC9EC0}
		{46850A03-E75C-491E-9AFB-197169EE141D} = {AF7B5F94-385A-4B01-8614-2C0E65B83699}
		{F9CE4F68-CBB7-4B44-A0AC-AAEAA8BFF016} = {AF7B5F94-385A-4B01-8614-2C0E65B83699}
		{2DC0D5EC-E1F3-4FE5-AB48-33B849C8FDC1} = {4C0C7DFD-A458-43C8-AC0F-00B739E63DEF}
		{EAF24E24-1611-4034-AD27-85ABB3706C8C} = {4C0C7DFD-A458-43C8-AC0F-00B739E63DEF}
		{A8BA1066-5695-4D71-ABB4-65E5A5E0C3D4} = {360A8F8E-5FE7-484D-852F-C4BD0D2D077F}
		{5D7F654B-59F7-4B33-8035-1F2B513A4417} = {360A8F8E-5FE7-484D-852F-C4BD0D2D077F}
		{FE6BBAD3-A34F-4D4A-9959-A336B4596F04} = {360A8F8E-5FE7-484D-852F-C4BD0D2D077F}
		{1C8574E1-6EE1-4819-96B6-8B147FDFEE98} = {360A8F8E-5FE7-484D-852F-C4BD0D2D077F}
	EndGlobalSection
EndGlobal
